
Microsoft Visual Studio Solution File, Format Version 12.00
# Visual Studio Version 16
VisualStudioVersion = 16.0.31729.503
MinimumVisualStudioVersion = 10.0.40219.1
Project("{FAE04EC0-301F-11D3-BF4B-00C04F79EFBC}") = "EmailValidarCsharp", "EmailValidarCsharp\EmailValidarCsharp.csproj", "{1F7579DE-0D52-47FE-B689-F17EC08FFA67}"
EndProject
Global
	GlobalSection(SolutionConfigurationPlatforms) = preSolution
		Debug|Any CPU = Debug|Any CPU
		Release|Any CPU = Release|Any CPU
	EndGlobalSection
	GlobalSection(ProjectConfigurationPlatforms) = postSolution
		{1F7579DE-0D52-47FE-B689-F17EC08FFA67}.Debug|Any CPU.ActiveCfg = Debug|Any CPU
		{1F7579DE-0D52-47FE-B689-F17EC08FFA67}.Debug|Any CPU.Build.0 = Debug|Any CPU
		{1F7579DE-0D52-47FE-B689-F17EC08FFA67}.Release|Any CPU.ActiveCfg = Release|Any CPU
		{1F7579DE-0D52-47FE-B689-F17EC08FFA67}.Release|Any CPU.Build.0 = Release|Any CPU
	EndGlobalSection
	GlobalSection(SolutionProperties) = preSolution
		HideSolutionNode = FALSE
	EndGlobalSection
	GlobalSection(ExtensibilityGlobals) = postSolution
		SolutionGuid = {BB772A2F-F513-4B2B-92C8-3BD1E2ECAC92}
	EndGlobalSection
EndGlobal
